lockVersion: 2.0.0
id: 8c375aaf-b4b4-4ab5-89ec-3f13a4a58a42
management:
  docChecksum: abbc3a8faac54f76013e5d509a8d11ec
  docVersion: 1.0.0
  speakeasyVersion: internal
  generationVersion: 2.258.2
  releaseVersion: 0.4.1
  configChecksum: 0ef13b13cb0ff6772c6695e12cf9380d
  repoURL: https://github.com/speakeasy-sdks/TestCompany-sample-sdk-45.git
  repoSubDirectory: .
  installationURL: https://github.com/speakeasy-sdks/TestCompany-sample-sdk-45
  published: true
features:
  go:
    core: 2.94.0
    devContainers: 2.90.0
    errors: 2.81.7
    examples: 2.81.3
    flattening: 2.81.1
    globalSecurity: 2.82.2
    globalServerURLs: 2.82.0
    inputOutputModels: 2.81.1
    serverIDs: 2.81.1
  typescript:
    core: 3.4.7
    devContainers: 2.88.0
    errors: 2.81.8
    examples: 2.81.3
    flattening: 2.81.1
    globalSecurity: 2.82.2
    globalServerURLs: 2.82.1
    inputOutputModels: 2.83.0
    methodSecurity: 2.82.0
    serverIDs: 2.81.2
generatedFiles:
  - src/sdk/authentication.ts
  - src/sdk/drinks.ts
  - src/sdk/ingredients.ts
  - src/sdk/orders.ts
  - src/sdk/config.ts
  - src/sdk/sdk.ts
  - .eslintrc.yml
  - jest.config.js
  - package-lock.json
  - package.json
  - src/index.ts
  - src/internal/utils/contenttype.ts
  - src/internal/utils/headers.ts
  - src/internal/utils/index.ts
  - src/internal/utils/pathparams.ts
  - src/internal/utils/queryparams.ts
  - src/internal/utils/requestbody.ts
  - src/internal/utils/retries.ts
  - src/internal/utils/security.ts
  - src/internal/utils/utils.ts
  - src/sdk/index.ts
  - src/models/errors/sdkerror.ts
  - src/types/index.ts
  - src/types/rfcdate.ts
  - tsconfig.json
  - src/models/operations/authenticate.ts
  - src/models/operations/getdrink.ts
  - src/models/operations/listdrinks.ts
  - src/models/operations/listingredients.ts
  - src/models/operations/createorder.ts
  - src/models/operations/subscribetowebhooks.ts
  - src/models/components/error.ts
  - src/models/components/drink.ts
  - src/models/components/drinktype.ts
  - src/models/components/ingredient.ts
  - src/models/components/ingredienttype.ts
  - src/models/components/order.ts
  - src/models/components/ordertype.ts
  - src/models/components/orderinput.ts
  - src/models/components/security.ts
  - src/models/components/ingredientinput.ts
  - src/models/components/drinkinput.ts
  - src/models/errors/apierror.ts
  - src/models/callbacks/createorder.ts
  - src/models/webhooks/stockupdate.ts
  - src/models/errors/index.ts
  - src/models/operations/index.ts
  - src/models/components/index.ts
  - src/models/callbacks/index.ts
  - src/models/webhooks/index.ts
  - docs/models/operations/authenticaterequestbody.md
  - docs/models/operations/authenticateresponsebody.md
  - docs/models/operations/authenticateresponse.md
  - docs/models/operations/getdrinkrequest.md
  - docs/models/operations/getdrinkresponse.md
  - docs/models/operations/listdrinksrequest.md
  - docs/models/operations/listdrinksresponse.md
  - docs/models/operations/listingredientsrequest.md
  - docs/models/operations/listingredientsresponse.md
  - docs/models/operations/createorderrequest.md
  - docs/models/operations/createorderresponse.md
  - docs/models/operations/webhook.md
  - docs/models/operations/requestbody.md
  - docs/models/operations/subscribetowebhooksresponse.md
  - docs/models/components/errort.md
  - docs/models/components/drink.md
  - docs/models/components/drinktype.md
  - docs/models/components/ingredient.md
  - docs/models/components/ingredienttype.md
  - docs/models/components/status.md
  - docs/models/components/order.md
  - docs/models/components/ordertype.md
  - docs/models/components/orderinput.md
  - docs/models/components/security.md
  - docs/models/components/ingredientinput.md
  - docs/models/components/drinkinput.md
  - docs/models/errors/apierror.md
  - docs/models/callbacks/createorderorderupdateresponse.md
  - docs/models/callbacks/createorderorderupdaterequestbody.md
  - docs/models/webhooks/stockupdateresponse.md
  - docs/models/webhooks/stockupdaterequestbody.md
  - docs/sdks/thespeakeasybar/README.md
  - docs/sdks/authentication/README.md
  - docs/sdks/drinks/README.md
  - docs/sdks/ingredients/README.md
  - docs/sdks/orders/README.md
  - docs/sdks/config/README.md
  - USAGE.md
  - .gitattributes
  - .devcontainer/README.md
  - .devcontainer/devcontainer.json
  - .devcontainer/setup.sh
